
Microsoft Visual Studio Solution File, Format Version 12.00
# Visual Studio 15
VisualStudioVersion = 15.0.28307.329
MinimumVisualStudioVersion = 10.0.40219.1
Project("{FAE04EC0-301F-11D3-BF4B-00C04F79EFBC}") = "ConsoleApp7", "ConsoleApp7\ConsoleApp7.csproj", "{68BCAF8E-4859-4B6E-A1D7-7001BAD31668}"
EndProject
Project("{FAE04EC0-301F-11D3-BF4B-00C04F79EFBC}") = "01. Count Real Numbers", "01. Count Real Numbers\01. Count Real Numbers.csproj", "{566CCCE5-E8EB-4345-B63C-337B2C7DF36F}"
EndProject
Project("{FAE04EC0-301F-11D3-BF4B-00C04F79EFBC}") = "02. Odd Occurrences", "02. Odd Occurrences\02. Odd Occurrences.csproj", "{165B619C-E54C-482B-94A7-91C01FA7F233}"
EndProject
Project("{FAE04EC0-301F-11D3-BF4B-00C04F79EFBC}") = "03. Word Synonyms", "03. Word Synonyms\03. Word Synonyms.csproj", "{F28E37C2-9AFE-4DBE-ADC4-045173D111C3}"
EndProject
Project("{FAE04EC0-301F-11D3-BF4B-00C04F79EFBC}") = "04. Word Filter", "04. Word Filter\04. Word Filter.csproj", "{DD2477B9-8663-481D-9E4F-0EECD75CCAE6}"
EndProject
Global
	GlobalSection(SolutionConfigurationPlatforms) = preSolution
		Debug|Any CPU = Debug|Any CPU
		Release|Any CPU = Release|Any CPU
	EndGlobalSection
	GlobalSection(ProjectConfigurationPlatforms) = postSolution
		{68BCAF8E-4859-4B6E-A1D7-7001BAD31668}.Debug|Any CPU.ActiveCfg = Debug|Any CPU
		{68BCAF8E-4859-4B6E-A1D7-7001BAD31668}.Debug|Any CPU.Build.0 = Debug|Any CPU
		{68BCAF8E-4859-4B6E-A1D7-7001BAD31668}.Release|Any CPU.ActiveCfg = Release|Any CPU
		{68BCAF8E-4859-4B6E-A1D7-7001BAD31668}.Release|Any CPU.Build.0 = Release|Any CPU
		{566CCCE5-E8EB-4345-B63C-337B2C7DF36F}.Debug|Any CPU.ActiveCfg = Debug|Any CPU
		{566CCCE5-E8EB-4345-B63C-337B2C7DF36F}.Debug|Any CPU.Build.0 = Debug|Any CPU
		{566CCCE5-E8EB-4345-B63C-337B2C7DF36F}.Release|Any CPU.ActiveCfg = Release|Any CPU
		{566CCCE5-E8EB-4345-B63C-337B2C7DF36F}.Release|Any CPU.Build.0 = Release|Any CPU
		{165B619C-E54C-482B-94A7-91C01FA7F233}.Debug|Any CPU.ActiveCfg = Debug|Any CPU
		{165B619C-E54C-482B-94A7-91C01FA7F233}.Debug|Any CPU.Build.0 = Debug|Any CPU
		{165B619C-E54C-482B-94A7-91C01FA7F233}.Release|Any CPU.ActiveCfg = Release|Any CPU
		{165B619C-E54C-482B-94A7-91C01FA7F233}.Release|Any CPU.Build.0 = Release|Any CPU
		{F28E37C2-9AFE-4DBE-ADC4-045173D111C3}.Debug|Any CPU.ActiveCfg = Debug|Any CPU
		{F28E37C2-9AFE-4DBE-ADC4-045173D111C3}.Debug|Any CPU.Build.0 = Debug|Any CPU
		{F28E37C2-9AFE-4DBE-ADC4-045173D111C3}.Release|Any CPU.ActiveCfg = Release|Any CPU
		{F28E37C2-9AFE-4DBE-ADC4-045173D111C3}.Release|Any CPU.Build.0 = Release|Any CPU
		{DD2477B9-8663-481D-9E4F-0EECD75CCAE6}.Debug|Any CPU.ActiveCfg = Debug|Any CPU
		{DD2477B9-8663-481D-9E4F-0EECD75CCAE6}.Debug|Any CPU.Build.0 = Debug|Any CPU
		{DD2477B9-8663-481D-9E4F-0EECD75CCAE6}.Release|Any CPU.ActiveCfg = Release|Any CPU
		{DD2477B9-8663-481D-9E4F-0EECD75CCAE6}.Release|Any CPU.Build.0 = Release|Any CPU
	EndGlobalSection
	GlobalSection(SolutionProperties) = preSolution
		HideSolutionNode = FALSE
	EndGlobalSection
	GlobalSection(ExtensibilityGlobals) = postSolution
		SolutionGuid = {9A427563-0B03-4681-BFD3-25890176817D}
	EndGlobalSection
EndGlobal
